// !$*UTF8*$!
{
	archiveVersion = 1;
	classes = {
	};
	objectVersion = 48;
	objects = {

/* Begin PBXBuildFile section */
		04587FE120E8969600E53A47 /* SmoothCommerceFramework.framework in Frameworks */ = {isa = PBXBuildFile; fileRef = 04587FD720E8969600E53A47 /* SmoothCommerceFramework.framework */; };
		04587FE620E8969600E53A47 /* SmoothCommerceFrameworkTests.swift in Sources */ = {isa = PBXBuildFile; fileRef = 04587FE520E8969600E53A47 /* SmoothCommerceFrameworkTests.swift */; };
		04587FE820E8969600E53A47 /* SmoothCommerceFramework.h in Headers */ = {isa = PBXBuildFile; fileRef = 04587FDA20E8969600E53A47 /* SmoothCommerceFramework.h */; settings = {ATTRIBUTES = (Public, ); }; };
		04587FF220E896EC00E53A47 /* SmoothCommerceDebug.swift in Sources */ = {isa = PBXBuildFile; fileRef = 04587FF120E896EC00E53A47 /* SmoothCommerceDebug.swift */; };
		ACFCE3387FBFB88BAFB4123B /* Pods_SmoothCommerceFramework.framework in Frameworks */ = {isa = PBXBuildFile; fileRef = 5D61DDEF54E8D98485F84580 /* Pods_SmoothCommerceFramework.framework */; };
		C0B5C5F3DB2F0491B8D95E8B /* Pods_SmoothCommerceFrameworkTests.framework in Frameworks */ = {isa = PBXBuildFile; fileRef = 3D195BD63761295D1C1D38E9 /* Pods_SmoothCommerceFrameworkTests.framework */; };
/* End PBXBuildFile section */

/* Begin PBXContainerItemProxy section */
		04587FE220E8969600E53A47 /* PBXContainerItemProxy */ = {
			isa = PBXContainerItemProxy;
			containerPortal = 04587FCE20E8969600E53A47 /* Project object */;
			proxyType = 1;
			remoteGlobalIDString = 04587FD620E8969600E53A47;
			remoteInfo = SmoothCommerceFramework;
		};
/* End PBXContainerItemProxy section */

/* Begin PBXFileReference section */
		04587FD720E8969600E53A47 /* SmoothCommerceFramework.framework */ = {isa = PBXFileReference; explicitFileType = wrapper.framework; includeInIndex = 0; path = SmoothCommerceFramework.framework; sourceTree = BUILT_PRODUCTS_DIR; };
		04587FDA20E8969600E53A47 /* SmoothCommerceFramework.h */ = {isa = PBXFileReference; lastKnownFileType = sourcecode.c.h; path = SmoothCommerceFramework.h; sourceTree = "<group>"; };
		04587FDB20E8969600E53A47 /* Info.plist */ = {isa = PBXFileReference; lastKnownFileType = text.plist.xml; path = Info.plist; sourceTree = "<group>"; };
		04587FE020E8969600E53A47 /* SmoothCommerceFrameworkTests.xctest */ = {isa = PBXFileReference; explicitFileType = wrapper.cfbundle; includeInIndex = 0; path = SmoothCommerceFrameworkTests.xctest; sourceTree = BUILT_PRODUCTS_DIR; };
		04587FE520E8969600E53A47 /* SmoothCommerceFrameworkTests.swift */ = {isa = PBXFileReference; lastKnownFileType = sourcecode.swift; path = SmoothCommerceFrameworkTests.swift; sourceTree = "<group>"; };
		04587FE720E8969600E53A47 /* Info.plist */ = {isa = PBXFileReference; lastKnownFileType = text.plist.xml; path = Info.plist; sourceTree = "<group>"; };
		04587FF120E896EC00E53A47 /* SmoothCommerceDebug.swift */ = {isa = PBXFileReference; lastKnownFileType = sourcecode.swift; path = SmoothCommerceDebug.swift; sourceTree = "<group>"; };
		0ACD4F8F5CC4C84DFBACBD07 /* Pods-SmoothCommerceFramework.debug.xcconfig */ = {isa = PBXFileReference; includeInIndex = 1; lastKnownFileType = text.xcconfig; name = "Pods-SmoothCommerceFramework.debug.xcconfig"; path = "Pods/Target Support Files/Pods-SmoothCommerceFramework/Pods-SmoothCommerceFramework.debug.xcconfig"; sourceTree = "<group>"; };
		2929ADE3CE7D47292937490A /* Pods-SmoothCommerceFramework.release.xcconfig */ = {isa = PBXFileReference; includeInIndex = 1; lastKnownFileType = text.xcconfig; name = "Pods-SmoothCommerceFramework.release.xcconfig"; path = "Pods/Target Support Files/Pods-SmoothCommerceFramework/Pods-SmoothCommerceFramework.release.xcconfig"; sourceTree = "<group>"; };
		3D195BD63761295D1C1D38E9 /* Pods_SmoothCommerceFrameworkTests.framework */ = {isa = PBXFileReference; explicitFileType = wrapper.framework; includeInIndex = 0; path = Pods_SmoothCommerceFrameworkTests.framework; sourceTree = BUILT_PRODUCTS_DIR; };
		5D61DDEF54E8D98485F84580 /* Pods_SmoothCommerceFramework.framework */ = {isa = PBXFileReference; explicitFileType = wrapper.framework; includeInIndex = 0; path = Pods_SmoothCommerceFramework.framework; sourceTree = BUILT_PRODUCTS_DIR; };
		CA741F08F5F5E64760484878 /* Pods-SmoothCommerceFrameworkTests.debug.xcconfig */ = {isa = PBXFileReference; includeInIndex = 1; lastKnownFileType = text.xcconfig; name = "Pods-SmoothCommerceFrameworkTests.debug.xcconfig"; path = "Pods/Target Support Files/Pods-SmoothCommerceFrameworkTests/Pods-SmoothCommerceFrameworkTests.debug.xcconfig"; sourceTree = "<group>"; };
		E460C7EB3DC7770ED6CC9FD6 /* Pods-SmoothCommerceFrameworkTests.release.xcconfig */ = {isa = PBXFileReference; includeInIndex = 1; lastKnownFileType = text.xcconfig; name = "Pods-SmoothCommerceFrameworkTests.release.xcconfig"; path = "Pods/Target Support Files/Pods-SmoothCommerceFrameworkTests/Pods-SmoothCommerceFrameworkTests.release.xcconfig"; sourceTree = "<group>"; };
/* End PBXFileReference section */

/* Begin PBXFrameworksBuildPhase section */
		04587FD320E8969600E53A47 /* Frameworks */ = {
			isa = PBXFrameworksBuildPhase;
			buildActionMask = 2147483647;
			files = (
				ACFCE3387FBFB88BAFB4123B /* Pods_SmoothCommerceFramework.framework in Frameworks */,
			);
			runOnlyForDeploymentPostprocessing = 0;
		};
		04587FDD20E8969600E53A47 /* Frameworks */ = {
			isa = PBXFrameworksBuildPhase;
			buildActionMask = 2147483647;
			files = (
				04587FE120E8969600E53A47 /* SmoothCommerceFramework.framework in Frameworks */,
				C0B5C5F3DB2F0491B8D95E8B /* Pods_SmoothCommerceFrameworkTests.framework in Frameworks */,
			);
			runOnlyForDeploymentPostprocessing = 0;
		};
/* End PBXFrameworksBuildPhase section */

/* Begin PBXGroup section */
		04587FCD20E8969600E53A47 = {
			isa = PBXGroup;
			children = (
				04587FD920E8969600E53A47 /* SmoothCommerceFramework */,
				04587FE420E8969600E53A47 /* SmoothCommerceFrameworkTests */,
				04587FD820E8969600E53A47 /* Products */,
				765675417D82712D75E97A5B /* Pods */,
				ABA4CA3E1A762E898A2ABE8B /* Frameworks */,
			);
			sourceTree = "<group>";
		};
		04587FD820E8969600E53A47 /* Products */ = {
			isa = PBXGroup;
			children = (
				04587FD720E8969600E53A47 /* SmoothCommerceFramework.framework */,
				04587FE020E8969600E53A47 /* SmoothCommerceFrameworkTests.xctest */,
			);
			name = Products;
			sourceTree = "<group>";
		};
		04587FD920E8969600E53A47 /* SmoothCommerceFramework */ = {
			isa = PBXGroup;
			children = (
				04587FDA20E8969600E53A47 /* SmoothCommerceFramework.h */,
				04587FDB20E8969600E53A47 /* Info.plist */,
				04587FF120E896EC00E53A47 /* SmoothCommerceDebug.swift */,
			);
			path = SmoothCommerceFramework;
			sourceTree = "<group>";
		};
		04587FE420E8969600E53A47 /* SmoothCommerceFrameworkTests */ = {
			isa = PBXGroup;
			children = (
				04587FE520E8969600E53A47 /* SmoothCommerceFrameworkTests.swift */,
				04587FE720E8969600E53A47 /* Info.plist */,
			);
			path = SmoothCommerceFrameworkTests;
			sourceTree = "<group>";
		};
		765675417D82712D75E97A5B /* Pods */ = {
			isa = PBXGroup;
			children = (
				0ACD4F8F5CC4C84DFBACBD07 /* Pods-SmoothCommerceFramework.debug.xcconfig */,
				2929ADE3CE7D47292937490A /* Pods-SmoothCommerceFramework.release.xcconfig */,
				CA741F08F5F5E64760484878 /* Pods-SmoothCommerceFrameworkTests.debug.xcconfig */,
				E460C7EB3DC7770ED6CC9FD6 /* Pods-SmoothCommerceFrameworkTests.release.xcconfig */,
			);
			name = Pods;
			sourceTree = "<group>";
		};
		ABA4CA3E1A762E898A2ABE8B /* Frameworks */ = {
			isa = PBXGroup;
			children = (
				5D61DDEF54E8D98485F84580 /* Pods_SmoothCommerceFramework.framework */,
				3D195BD63761295D1C1D38E9 /* Pods_SmoothCommerceFrameworkTests.framework */,
			);
			name = Frameworks;
			sourceTree = "<group>";
		};
/* End PBXGroup section */

/* Begin PBXHeadersBuildPhase section */
		04587FD420E8969600E53A47 /* Headers */ = {
			isa = PBXHeadersBuildPhase;
			buildActionMask = 2147483647;
			files = (
				04587FE820E8969600E53A47 /* SmoothCommerceFramework.h in Headers */,
			);
			runOnlyForDeploymentPostprocessing = 0;
		};
/* End PBXHeadersBuildPhase section */

/* Begin PBXNativeTarget section */
		04587FD620E8969600E53A47 /* SmoothCommerceFramework */ = {
			isa = PBXNativeTarget;
			buildConfigurationList = 04587FEB20E8969600E53A47 /* Build configuration list for PBXNativeTarget "SmoothCommerceFramework" */;
			buildPhases = (
				A84E69BC2D3F41D12ACD86FA /* [CP] Check Pods Manifest.lock */,
				04587FD220E8969600E53A47 /* Sources */,
				04587FD320E8969600E53A47 /* Frameworks */,
				04587FD420E8969600E53A47 /* Headers */,
				04587FD520E8969600E53A47 /* Resources */,
			);
			buildRules = (
			);
			dependencies = (
			);
			name = SmoothCommerceFramework;
			productName = SmoothCommerceFramework;
			productReference = 04587FD720E8969600E53A47 /* SmoothCommerceFramework.framework */;
			productType = "com.apple.product-type.framework";
		};
		04587FDF20E8969600E53A47 /* SmoothCommerceFrameworkTests */ = {
			isa = PBXNativeTarget;
			buildConfigurationList = 04587FEE20E8969600E53A47 /* Build configuration list for PBXNativeTarget "SmoothCommerceFrameworkTests" */;
			buildPhases = (
				2C66303CDFB67C47FAEE4F15 /* [CP] Check Pods Manifest.lock */,
				04587FDC20E8969600E53A47 /* Sources */,
				04587FDD20E8969600E53A47 /* Frameworks */,
				04587FDE20E8969600E53A47 /* Resources */,
				586538BEBE860CC299CFB24E /* [CP] Embed Pods Frameworks */,
			);
			buildRules = (
			);
			dependencies = (
				04587FE320E8969600E53A47 /* PBXTargetDependency */,
			);
			name = SmoothCommerceFrameworkTests;
			productName = SmoothCommerceFrameworkTests;
			productReference = 04587FE020E8969600E53A47 /* SmoothCommerceFrameworkTests.xctest */;
			productType = "com.apple.product-type.bundle.unit-test";
		};
/* End PBXNativeTarget section */

/* Begin PBXProject section */
		04587FCE20E8969600E53A47 /* Project object */ = {
			isa = PBXProject;
			attributes = {
				LastSwiftUpdateCheck = 0920;
				LastUpgradeCheck = 0920;
				ORGANIZATIONNAME = MAC;
				TargetAttributes = {
					04587FD620E8969600E53A47 = {
						CreatedOnToolsVersion = 9.2;
						LastSwiftMigration = 0920;
						ProvisioningStyle = Automatic;
					};
					04587FDF20E8969600E53A47 = {
						CreatedOnToolsVersion = 9.2;
						ProvisioningStyle = Automatic;
					};
				};
			};
			buildConfigurationList = 04587FD120E8969600E53A47 /* Build configuration list for PBXProject "SmoothCommerceFramework" */;
			compatibilityVersion = "Xcode 8.0";
			developmentRegion = en;
			hasScannedForEncodings = 0;
			knownRegions = (
				en,
			);
			mainGroup = 04587FCD20E8969600E53A47;
			productRefGroup = 04587FD820E8969600E53A47 /* Products */;
			projectDirPath = "";
			projectRoot = "";
			targets = (
				04587FD620E8969600E53A47 /* SmoothCommerceFramework */,
				04587FDF20E8969600E53A47 /* SmoothCommerceFrameworkTests */,
			);
		};
/* End PBXProject section */

/* Begin PBXResourcesBuildPhase section */
		04587FD520E8969600E53A47 /* Resources */ = {
			isa = PBXResourcesBuildPhase;
			buildActionMask = 2147483647;
			files = (
			);
			runOnlyForDeploymentPostprocessing = 0;
		};
		04587FDE20E8969600E53A47 /* Resources */ = {
			isa = PBXResourcesBuildPhase;
			buildActionMask = 2147483647;
			files = (
			);
			runOnlyForDeploymentPostprocessing = 0;
		};
/* End PBXResourcesBuildPhase section */

/* Begin PBXShellScriptBuildPhase section */
		2C66303CDFB67C47FAEE4F15 /* [CP] Check Pods Manifest.lock */ = {
			isa = PBXShellScriptBuildPhase;
			buildActionMask = 2147483647;
			files = (
			);
			inputPaths = (
				"${PODS_PODFILE_DIR_PATH}/Podfile.lock",
				"${PODS_ROOT}/Manifest.lock",
			);
			name = "[CP] Check Pods Manifest.lock";
			outputPaths = (
				"$(DERIVED_FILE_DIR)/Pods-SmoothCommerceFrameworkTests-checkManifestLockResult.txt",
			);
			runOnlyForDeploymentPostprocessing = 0;
			shellPath = /bin/sh;
			shellScript = "diff \"${PODS_PODFILE_DIR_PATH}/Podfile.lock\" \"${PODS_ROOT}/Manifest.lock\" > /dev/null\nif [ $? != 0 ] ; then\n    # print error to STDERR\n    echo \"error: The sandbox is not in sync with the Podfile.lock. Run 'pod install' or update your CocoaPods installation.\" >&2\n    exit 1\nfi\n# This output is used by Xcode 'outputs' to avoid re-running this script phase.\necho \"SUCCESS\" > \"${SCRIPT_OUTPUT_FILE_0}\"\n";
			showEnvVarsInLog = 0;
		};
		586538BEBE860CC299CFB24E /* [CP] Embed Pods Frameworks */ = {
			isa = PBXShellScriptBuildPhase;
			buildActionMask = 2147483647;
			files = (
			);
			inputPaths = (
				"${SRCROOT}/Pods/Target Support Files/Pods-SmoothCommerceFrameworkTests/Pods-SmoothCommerceFrameworkTests-frameworks.sh",
				"${BUILT_PRODUCTS_DIR}/RxCocoa/RxCocoa.framework",
				"${BUILT_PRODUCTS_DIR}/RxSwift/RxSwift.framework",
			);
			name = "[CP] Embed Pods Frameworks";
			outputPaths = (
				"${TARGET_BUILD_DIR}/${FRAMEWORKS_FOLDER_PATH}/RxCocoa.framework",
				"${TARGET_BUILD_DIR}/${FRAMEWORKS_FOLDER_PATH}/RxSwift.framework",
			);
			runOnlyForDeploymentPostprocessing = 0;
			shellPath = /bin/sh;
			shellScript = "\"${SRCROOT}/Pods/Target Support Files/Pods-SmoothCommerceFrameworkTests/Pods-SmoothCommerceFrameworkTests-frameworks.sh\"\n";
			showEnvVarsInLog = 0;
		};
		A84E69BC2D3F41D12ACD86FA /* [CP] Check Pods Manifest.lock */ = {
			isa = PBXShellScriptBuildPhase;
			buildActionMask = 2147483647;
			files = (
			);
			inputPaths = (
				"${PODS_PODFILE_DIR_PATH}/Podfile.lock",
				"${PODS_ROOT}/Manifest.lock",
			);
			name = "[CP] Check Pods Manifest.lock";
			outputPaths = (
				"$(DERIVED_FILE_DIR)/Pods-SmoothCommerceFramework-checkManifestLockResult.txt",
			);
			runOnlyForDeploymentPostprocessing = 0;
			shellPath = /bin/sh;
			shellScript = "diff \"${PODS_PODFILE_DIR_PATH}/Podfile.lock\" \"${PODS_ROOT}/Manifest.lock\" > /dev/null\nif [ $? != 0 ] ; then\n    # print error to STDERR\n    echo \"error: The sandbox is not in sync with the Podfile.lock. Run 'pod install' or update your CocoaPods installation.\" >&2\n    exit 1\nfi\n# This output is used by Xcode 'outputs' to avoid re-running this script phase.\necho \"SUCCESS\" > \"${SCRIPT_OUTPUT_FILE_0}\"\n";
			showEnvVarsInLog = 0;
		};
/* End PBXShellScriptBuildPhase section */

/* Begin PBXSourcesBuildPhase section */
		04587FD220E8969600E53A47 /* Sources */ = {
			isa = PBXSourcesBuildPhase;
			buildActionMask = 2147483647;
			files = (
				04587FF220E896EC00E53A47 /* SmoothCommerceDebug.swift in Sources */,
			);
			runOnlyForDeploymentPostprocessing = 0;
		};
		04587FDC20E8969600E53A47 /* Sources */ = {
			isa = PBXSourcesBuildPhase;
			buildActionMask = 2147483647;
			files = (
				04587FE620E8969600E53A47 /* SmoothCommerceFrameworkTests.swift in Sources */,
			);
			runOnlyForDeploymentPostprocessing = 0;
		};
/* End PBXSourcesBuildPhase section */

/* Begin PBXTargetDependency section */
		04587FE320E8969600E53A47 /* PBXTargetDependency */ = {
			isa = PBXTargetDependency;
			target = 04587FD620E8969600E53A47 /* SmoothCommerceFramework */;
			targetProxy = 04587FE220E8969600E53A47 /* PBXContainerItemProxy */;
		};
/* End PBXTargetDependency section */

/* Begin XCBuildConfiguration section */
		04587FE920E8969600E53A47 /* Debug */ = {
			isa = XCBuildConfiguration;
			buildSettings = {
				ALWAYS_SEARCH_USER_PATHS = NO;
				CLANG_ANALYZER_NONNULL = YES;
				CLANG_ANALYZER_NUMBER_OBJECT_CONVERSION = YES_AGGRESSIVE;
				CLANG_CXX_LANGUAGE_STANDARD = "gnu++14";
				CLANG_CXX_LIBRARY = "libc++";
				CLANG_ENABLE_MODULES = YES;
				CLANG_ENABLE_OBJC_ARC = YES;
				CLANG_WARN_BLOCK_CAPTURE_AUTORELEASING = YES;
				CLANG_WARN_BOOL_CONVERSION = YES;
				CLANG_WARN_COMMA = YES;
				CLANG_WARN_CONSTANT_CONVERSION = YES;
				CLANG_WARN_DIRECT_OBJC_ISA_USAGE = YES_ERROR;
				CLANG_WARN_DOCUMENTATION_COMMENTS = YES;
				CLANG_WARN_EMPTY_BODY = YES;
				CLANG_WARN_ENUM_CONVERSION = YES;
				CLANG_WARN_INFINITE_RECURSION = YES;
				CLANG_WARN_INT_CONVERSION = YES;
				CLANG_WARN_NON_LITERAL_NULL_CONVERSION = YES;
				CLANG_WARN_OBJC_LITERAL_CONVERSION = YES;
				CLANG_WARN_OBJC_ROOT_CLASS = YES_ERROR;
				CLANG_WARN_RANGE_LOOP_ANALYSIS = YES;
				CLANG_WARN_STRICT_PROTOTYPES = YES;
				CLANG_WARN_SUSPICIOUS_MOVE = YES;
				CLANG_WARN_UNGUARDED_AVAILABILITY = YES_AGGRESSIVE;
				CLANG_WARN_UNREACHABLE_CODE = YES;
				CLANG_WARN__DUPLICATE_METHOD_MATCH = YES;
				CODE_SIGN_IDENTITY = "iPhone Developer";
				COPY_PHASE_STRIP = NO;
				CURRENT_PROJECT_VERSION = 1;
				DEBUG_INFORMATION_FORMAT = dwarf;
				ENABLE_STRICT_OBJC_MSGSEND = YES;
				ENABLE_TESTABILITY = YES;
				GCC_C_LANGUAGE_STANDARD = gnu11;
				GCC_DYNAMIC_NO_PIC = NO;
				GCC_NO_COMMON_BLOCKS = YES;
				GCC_OPTIMIZATION_LEVEL = 0;
				GCC_PREPROCESSOR_DEFINITIONS = (
					"DEBUG=1",
					"$(inherited)",
				);
				GCC_WARN_64_TO_32_BIT_CONVERSION = YES;
				GCC_WARN_ABOUT_RETURN_TYPE = YES_ERROR;
				GCC_WARN_UNDECLARED_SELECTOR = YES;
				GCC_WARN_UNINITIALIZED_AUTOS = YES_AGGRESSIVE;
				GCC_WARN_UNUSED_FUNCTION = YES;
				GCC_WARN_UNUSED_VARIABLE = YES;
				IPHONEOS_DEPLOYMENT_TARGET = 11.2;
				MTL_ENABLE_DEBUG_INFO = YES;
				ONLY_ACTIVE_ARCH = YES;
				SDKROOT = iphoneos;
				SWIFT_ACTIVE_COMPILATION_CONDITIONS = DEBUG;
				SWIFT_OPTIMIZATION_LEVEL = "-Onone";
				VERSIONING_SYSTEM = "apple-generic";
				VERSION_INFO_PREFIX = "";
			};
			name = Debug;
		};
		04587FEA20E8969600E53A47 /* Release */ = {
			isa = XCBuildConfiguration;
			buildSettings = {
				ALWAYS_SEARCH_USER_PATHS = NO;
				CLANG_ANALYZER_NONNULL = YES;
				CLANG_ANALYZER_NUMBER_OBJECT_CONVERSION = YES_AGGRESSIVE;
				CLANG_CXX_LANGUAGE_STANDARD = "gnu++14";
				CLANG_CXX_LIBRARY = "libc++";
				CLANG_ENABLE_MODULES = YES;
				CLANG_ENABLE_OBJC_ARC = YES;
				CLANG_WARN_BLOCK_CAPTURE_AUTORELEASING = YES;
				CLANG_WARN_BOOL_CONVERSION = YES;
				CLANG_WARN_COMMA = YES;
				CLANG_WARN_CONSTANT_CONVERSION = YES;
				CLANG_WARN_DIRECT_OBJC_ISA_USAGE = YES_ERROR;
				CLANG_WARN_DOCUMENTATION_COMMENTS = YES;
				CLANG_WARN_EMPTY_BODY = YES;
				CLANG_WARN_ENUM_CONVERSION = YES;
				CLANG_WARN_INFINITE_RECURSION = YES;
				CLANG_WARN_INT_CONVERSION = YES;
				CLANG_WARN_NON_LITERAL_NULL_CONVERSION = YES;
				CLANG_WARN_OBJC_LITERAL_CONVERSION = YES;
				CLANG_WARN_OBJC_ROOT_CLASS = YES_ERROR;
				CLANG_WARN_RANGE_LOOP_ANALYSIS = YES;
				CLANG_WARN_STRICT_PROTOTYPES = YES;
				CLANG_WARN_SUSPICIOUS_MOVE = YES;
				CLANG_WARN_UNGUARDED_AVAILABILITY = YES_AGGRESSIVE;
				CLANG_WARN_UNREACHABLE_CODE = YES;
				CLANG_WARN__DUPLICATE_METHOD_MATCH = YES;
				CODE_SIGN_IDENTITY = "iPhone Developer";
				COPY_PHASE_STRIP = NO;
				CURRENT_PROJECT_VERSION = 1;
				DEBUG_INFORMATION_FORMAT = "dwarf-with-dsym";
				ENABLE_NS_ASSERTIONS = NO;
				ENABLE_STRICT_OBJC_MSGSEND = YES;
				GCC_C_LANGUAGE_STANDARD = gnu11;
				GCC_NO_COMMON_BLOCKS = YES;
				GCC_WARN_64_TO_32_BIT_CONVERSION = YES;
				GCC_WARN_ABOUT_RETURN_TYPE = YES_ERROR;
				GCC_WARN_UNDECLARED_SELECTOR = YES;
				GCC_WARN_UNINITIALIZED_AUTOS = YES_AGGRESSIVE;
				GCC_WARN_UNUSED_FUNCTION = YES;
				GCC_WARN_UNUSED_VARIABLE = YES;
				IPHONEOS_DEPLOYMENT_TARGET = 11.2;
				MTL_ENABLE_DEBUG_INFO = NO;
				SDKROOT = iphoneos;
				SWIFT_OPTIMIZATION_LEVEL = "-Owholemodule";
				VALIDATE_PRODUCT = YES;
				VERSIONING_SYSTEM = "apple-generic";
				VERSION_INFO_PREFIX = "";
			};
			name = Release;
		};
		04587FEC20E8969600E53A47 /* Debug */ = {
			isa = XCBuildConfiguration;
			baseConfigurationReference = 0ACD4F8F5CC4C84DFBACBD07 /* Pods-SmoothCommerceFramework.debug.xcconfig */;
			buildSettings = {
				CLANG_ENABLE_MODULES = YES;
				CODE_SIGN_IDENTITY = "";
				CODE_SIGN_STYLE = Automatic;
				DEFINES_MODULE = YES;
				DYLIB_COMPATIBILITY_VERSION = 1;
				DYLIB_CURRENT_VERSION = 1;
				DYLIB_INSTALL_NAME_BASE = "@rpath";
				INFOPLIST_FILE = SmoothCommerceFramework/Info.plist;
				INSTALL_PATH = "$(LOCAL_LIBRARY_DIR)/Frameworks";
				LD_RUNPATH_SEARCH_PATHS = "$(inherited) @executable_path/Frameworks @loader_path/Frameworks";
				PRODUCT_BUNDLE_IDENTIFIER = com.whiteLabel.SmoothCommerceFramework;
				PRODUCT_NAME = "$(TARGET_NAME:c99extidentifier)";
				SKIP_INSTALL = YES;
				SWIFT_OPTIMIZATION_LEVEL = "-Onone";
				SWIFT_VERSION = 4.0;
				TARGETED_DEVICE_FAMILY = "1,2";
			};
			name = Debug;
		};
		04587FED20E8969600E53A47 /* Release */ = {
			isa = XCBuildConfiguration;
			baseConfigurationReference = 2929ADE3CE7D47292937490A /* Pods-SmoothCommerceFramework.release.xcconfig */;
			buildSettings = {
				CLANG_ENABLE_MODULES = YES;
				CODE_SIGN_IDENTITY = "";
				CODE_SIGN_STYLE = Automatic;
				DEFINES_MODULE = YES;
				DYLIB_COMPATIBILITY_VERSION = 1;
				DYLIB_CURRENT_VERSION = 1;
				DYLIB_INSTALL_NAME_BASE = "@rpath";
				INFOPLIST_FILE = SmoothCommerceFramework/Info.plist;
				INSTALL_PATH = "$(LOCAL_LIBRARY_DIR)/Frameworks";
				LD_RUNPATH_SEARCH_PATHS = "$(inherited) @executable_path/Frameworks @loader_path/Frameworks";
				PRODUCT_BUNDLE_IDENTIFIER = com.whiteLabel.SmoothCommerceFramework;
				PRODUCT_NAME = "$(TARGET_NAME:c99extidentifier)";
				SKIP_INSTALL = YES;
				SWIFT_VERSION = 4.0;
				TARGETED_DEVICE_FAMILY = "1,2";
			};
			name = Release;
		};
		04587FEF20E8969600E53A47 /* Debug */ = {
			isa = XCBuildConfiguration;
			baseConfigurationReference = CA741F08F5F5E64760484878 /* Pods-SmoothCommerceFrameworkTests.debug.xcconfig */;
			buildSettings = {
				ALWAYS_EMBED_SWIFT_STANDARD_LIBRARIES = YES;
				CODE_SIGN_STYLE = Automatic;
				INFOPLIST_FILE = SmoothCommerceFrameworkTests/Info.plist;
				LD_RUNPATH_SEARCH_PATHS = "$(inherited) @executable_path/Frameworks @loader_path/Frameworks";
				PRODUCT_BUNDLE_IDENTIFIER = com.whiteLabel.SmoothCommerceFrameworkTests;
				PRODUCT_NAME = "$(TARGET_NAME)";
				SWIFT_VERSION = 4.0;
				TARGETED_DEVICE_FAMILY = "1,2";
			};
			name = Debug;
		};
		04587FF020E8969600E53A47 /* Release */ = {
			isa = XCBuildConfiguration;
			baseConfigurationReference = E460C7EB3DC7770ED6CC9FD6 /* Pods-SmoothCommerceFrameworkTests.release.xcconfig */;
			buildSettings = {
				ALWAYS_EMBED_SWIFT_STANDARD_LIBRARIES = YES;
				CODE_SIGN_STYLE = Automatic;
				INFOPLIST_FILE = SmoothCommerceFrameworkTests/Info.plist;
				LD_RUNPATH_SEARCH_PATHS = "$(inherited) @executable_path/Frameworks @loader_path/Frameworks";
				PRODUCT_BUNDLE_IDENTIFIER = com.whiteLabel.SmoothCommerceFrameworkTests;
				PRODUCT_NAME = "$(TARGET_NAME)";
				SWIFT_VERSION = 4.0;
				TARGETED_DEVICE_FAMILY = "1,2";
			};
			name = Release;
		};
/* End XCBuildConfiguration section */

/* Begin XCConfigurationList section */
		04587FD120E8969600E53A47 /* Build configuration list for PBXProject "SmoothCommerceFramework" */ = {
			isa = XCConfigurationList;
			buildConfigurations = (
				04587FE920E8969600E53A47 /* Debug */,
				04587FEA20E8969600E53A47 /* Release */,
			);
			defaultConfigurationIsVisible = 0;
			defaultConfigurationName = Release;
		};
		04587FEB20E8969600E53A47 /* Build configuration list for PBXNativeTarget "SmoothCommerceFramework" */ = {
			isa = XCConfigurationList;
			buildConfigurations = (
				04587FEC20E8969600E53A47 /* Debug */,
				04587FED20E8969600E53A47 /* Release */,
			);
			defaultConfigurationIsVisible = 0;
			defaultConfigurationName = Release;
		};
		04587FEE20E8969600E53A47 /* Build configuration list for PBXNativeTarget "SmoothCommerceFrameworkTests" */ = {
			isa = XCConfigurationList;
			buildConfigurations = (
				04587FEF20E8969600E53A47 /* Debug */,
				04587FF020E8969600E53A47 /* Release */,
			);
			defaultConfigurationIsVisible = 0;
			defaultConfigurationName = Release;
		};
/* End XCConfigurationList section */
	};
	rootObject = 04587FCE20E8969600E53A47 /* Project object */;
}
